
Microsoft Visual Studio Solution File, Format Version 12.00
# Visual Studio Version 16
VisualStudioVersion = 16.0.30309.148
MinimumVisualStudioVersion = 10.0.40219.1
Project("{9A19103F-16F7-4668-BE54-9A1E7A4F7556}") = "DevWebsCourseProjectApp", "..\..\..\Documents\GitHub\DevWebsCourseProjectApp\DevWebsCourseProjectApp.csproj", "{4C75A83C-A2AE-46DD-BACC-48E444EC118E}"
EndProject
Global
	GlobalSection(SolutionConfigurationPlatforms) = preSolution
		Debug|Any CPU = Debug|Any CPU
		Release|Any CPU = Release|Any CPU
	EndGlobalSection
	GlobalSection(ProjectConfigurationPlatforms) = postSolution
		{4C75A83C-A2AE-46DD-BACC-48E444EC118E}.Debug|Any CPU.ActiveCfg = Debug|Any CPU
		{4C75A83C-A2AE-46DD-BACC-48E444EC118E}.Debug|Any CPU.Build.0 = Debug|Any CPU
		{4C75A83C-A2AE-46DD-BACC-48E444EC118E}.Release|Any CPU.ActiveCfg = Release|Any CPU
		{4C75A83C-A2AE-46DD-BACC-48E444EC118E}.Release|Any CPU.Build.0 = Release|Any CPU
	EndGlobalSection
	GlobalSection(SolutionProperties) = preSolution
		HideSolutionNode = FALSE
	EndGlobalSection
	GlobalSection(ExtensibilityGlobals) = postSolution
		SolutionGuid = {AEA3D192-F304-43EA-8738-E5BD39F5CB5C}
	EndGlobalSection
EndGlobal
